
Microsoft Visual Studio Solution File, Format Version 12.00
# Visual Studio Version 17
VisualStudioVersion = 17.14.36203.30 d17.14
MinimumVisualStudioVersion = 10.0.40219.1
Project("{FAE04EC0-301F-11D3-BF4B-00C04F79EFBC}") = "cagdasotels", "cagdasotels\cagdasotels.csproj", "{41095C01-0C9C-4949-89F9-74BF6336762C}"
EndProject
Global
	GlobalSection(SolutionConfigurationPlatforms) = preSolution
		Debug|Any CPU = Debug|Any CPU
		Release|Any CPU = Release|Any CPU
	EndGlobalSection
	GlobalSection(ProjectConfigurationPlatforms) = postSolution
		{41095C01-0C9C-4949-89F9-74BF6336762C}.Debug|Any CPU.ActiveCfg = Debug|Any CPU
		{41095C01-0C9C-4949-89F9-74BF6336762C}.Debug|Any CPU.Build.0 = Debug|Any CPU
		{41095C01-0C9C-4949-89F9-74BF6336762C}.Release|Any CPU.ActiveCfg = Release|Any CPU
		{41095C01-0C9C-4949-89F9-74BF6336762C}.Release|Any CPU.Build.0 = Release|Any CPU
	EndGlobalSection
	GlobalSection(SolutionProperties) = preSolution
		HideSolutionNode = FALSE
	EndGlobalSection
	GlobalSection(ExtensibilityGlobals) = postSolution
		SolutionGuid = {A16F3361-C940-487C-83BC-FC7386784D30}
	EndGlobalSection
EndGlobal
